
Microsoft Visual Studio Solution File, Format Version 12.00
# Visual Studio Version 16
VisualStudioVersion = 16.0.30804.86
MinimumVisualStudioVersion = 10.0.40219.1
Project("{FAE04EC0-301F-11D3-BF4B-00C04F79EFBC}") = "DataTableExport", "DataTableExport\DataTableExport.csproj", "{5D04381E-B56B-4B10-8486-4A709FB2B44C}"
EndProject
Global
	GlobalSection(SolutionConfigurationPlatforms) = preSolution
		Debug|Any CPU = Debug|Any CPU
		Release|Any CPU = Release|Any CPU
	EndGlobalSection
	GlobalSection(ProjectConfigurationPlatforms) = postSolution
		{5D04381E-B56B-4B10-8486-4A709FB2B44C}.Debug|Any CPU.ActiveCfg = Debug|Any CPU
		{5D04381E-B56B-4B10-8486-4A709FB2B44C}.Debug|Any CPU.Build.0 = Debug|Any CPU
		{5D04381E-B56B-4B10-8486-4A709FB2B44C}.Release|Any CPU.ActiveCfg = Release|Any CPU
		{5D04381E-B56B-4B10-8486-4A709FB2B44C}.Release|Any CPU.Build.0 = Release|Any CPU
	EndGlobalSection
	GlobalSection(SolutionProperties) = preSolution
		HideSolutionNode = FALSE
	EndGlobalSection
	GlobalSection(ExtensibilityGlobals) = postSolution
		SolutionGuid = {1EDE4800-1148-4A89-8C6E-BCE2F786AADA}
	EndGlobalSection
EndGlobal
